// !$*UTF8*$!
{
	archiveVersion = 1;
	classes = {
	};
	objectVersion = 50;
	objects = {

/* Begin PBXBuildFile section */
		046926A6243C9BBB004DD83A /* main.m in Sources */ = {isa = PBXBuildFile; fileRef = 046926A5243C9BBB004DD83A /* main.m */; };
		046926AE243C9C94004DD83A /* InputHandler.m in Sources */ = {isa = PBXBuildFile; fileRef = 046926AD243C9C94004DD83A /* InputHandler.m */; };
		046926B1243C9F9B004DD83A /* PaymentGateway.m in Sources */ = {isa = PBXBuildFile; fileRef = 046926B0243C9F9B004DD83A /* PaymentGateway.m */; };
		046926B5243CA12A004DD83A /* PaypalPaymentService.m in Sources */ = {isa = PBXBuildFile; fileRef = 046926B4243CA12A004DD83A /* PaypalPaymentService.m */; };
		046926B8243CA13A004DD83A /* StripePaymentService.m in Sources */ = {isa = PBXBuildFile; fileRef = 046926B7243CA13A004DD83A /* StripePaymentService.m */; };
		046926BB243CA149004DD83A /* AmazonPaymentService.m in Sources */ = {isa = PBXBuildFile; fileRef = 046926BA243CA149004DD83A /* AmazonPaymentService.m */; };
		046926BE243CC9FE004DD83A /* ApplePaymentService.m in Sources */ = {isa = PBXBuildFile; fileRef = 046926BD243CC9FE004DD83A /* ApplePaymentService.m */; };
/* End PBXBuildFile section */

/* Begin PBXCopyFilesBuildPhase section */
		046926A0243C9BBB004DD83A /* CopyFiles */ = {
			isa = PBXCopyFilesBuildPhase;
			buildActionMask = 2147483647;
			dstPath = /usr/share/man/man1/;
			dstSubfolderSpec = 0;
			files = (
			);
			runOnlyForDeploymentPostprocessing = 1;
		};
/* End PBXCopyFilesBuildPhase section */

/* Begin PBXFileReference section */
		046926A2243C9BBB004DD83A /* Lab10 */ = {isa = PBXFileReference; explicitFileType = "compiled.mach-o.executable"; includeInIndex = 0; path = Lab10; sourceTree = BUILT_PRODUCTS_DIR; };
		046926A5243C9BBB004DD83A /* main.m */ = {isa = PBXFileReference; lastKnownFileType = sourcecode.c.objc; path = main.m; sourceTree = "<group>"; };
		046926AC243C9C94004DD83A /* InputHandler.h */ = {isa = PBXFileReference; lastKnownFileType = sourcecode.c.h; path = InputHandler.h; sourceTree = "<group>"; };
		046926AD243C9C94004DD83A /* InputHandler.m */ = {isa = PBXFileReference; lastKnownFileType = sourcecode.c.objc; path = InputHandler.m; sourceTree = "<group>"; };
		046926AF243C9F9B004DD83A /* PaymentGateway.h */ = {isa = PBXFileReference; lastKnownFileType = sourcecode.c.h; path = PaymentGateway.h; sourceTree = "<group>"; };
		046926B0243C9F9B004DD83A /* PaymentGateway.m */ = {isa = PBXFileReference; lastKnownFileType = sourcecode.c.objc; path = PaymentGateway.m; sourceTree = "<group>"; };
		046926B3243CA12A004DD83A /* PaypalPaymentService.h */ = {isa = PBXFileReference; lastKnownFileType = sourcecode.c.h; path = PaypalPaymentService.h; sourceTree = "<group>"; };
		046926B4243CA12A004DD83A /* PaypalPaymentService.m */ = {isa = PBXFileReference; lastKnownFileType = sourcecode.c.objc; path = PaypalPaymentService.m; sourceTree = "<group>"; };
		046926B6243CA13A004DD83A /* StripePaymentService.h */ = {isa = PBXFileReference; lastKnownFileType = sourcecode.c.h; path = StripePaymentService.h; sourceTree = "<group>"; };
		046926B7243CA13A004DD83A /* StripePaymentService.m */ = {isa = PBXFileReference; lastKnownFileType = sourcecode.c.objc; path = StripePaymentService.m; sourceTree = "<group>"; };
		046926B9243CA149004DD83A /* AmazonPaymentService.h */ = {isa = PBXFileReference; lastKnownFileType = sourcecode.c.h; path = AmazonPaymentService.h; sourceTree = "<group>"; };
		046926BA243CA149004DD83A /* AmazonPaymentService.m */ = {isa = PBXFileReference; lastKnownFileType = sourcecode.c.objc; path = AmazonPaymentService.m; sourceTree = "<group>"; };
		046926BC243CC9FE004DD83A /* ApplePaymentService.h */ = {isa = PBXFileReference; lastKnownFileType = sourcecode.c.h; path = ApplePaymentService.h; sourceTree = "<group>"; };
		046926BD243CC9FE004DD83A /* ApplePaymentService.m */ = {isa = PBXFileReference; lastKnownFileType = sourcecode.c.objc; path = ApplePaymentService.m; sourceTree = "<group>"; };
/* End PBXFileReference section */

/* Begin PBXFrameworksBuildPhase section */
		0469269F243C9BBB004DD83A /* Frameworks */ = {
			isa = PBXFrameworksBuildPhase;
			buildActionMask = 2147483647;
			files = (
			);
			runOnlyForDeploymentPostprocessing = 0;
		};
/* End PBXFrameworksBuildPhase section */

/* Begin PBXGroup section */
		04692699243C9BBB004DD83A = {
			isa = PBXGroup;
			children = (
				046926A4243C9BBB004DD83A /* Lab10 */,
				046926A3243C9BBB004DD83A /* Products */,
			);
			sourceTree = "<group>";
		};
		046926A3243C9BBB004DD83A /* Products */ = {
			isa = PBXGroup;
			children = (
				046926A2243C9BBB004DD83A /* Lab10 */,
			);
			name = Products;
			sourceTree = "<group>";
		};
		046926A4243C9BBB004DD83A /* Lab10 */ = {
			isa = PBXGroup;
			children = (
				046926A5243C9BBB004DD83A /* main.m */,
				046926AC243C9C94004DD83A /* InputHandler.h */,
				046926AD243C9C94004DD83A /* InputHandler.m */,
				046926AF243C9F9B004DD83A /* PaymentGateway.h */,
				046926B0243C9F9B004DD83A /* PaymentGateway.m */,
				046926B3243CA12A004DD83A /* PaypalPaymentService.h */,
				046926B4243CA12A004DD83A /* PaypalPaymentService.m */,
				046926B6243CA13A004DD83A /* StripePaymentService.h */,
				046926B7243CA13A004DD83A /* StripePaymentService.m */,
				046926B9243CA149004DD83A /* AmazonPaymentService.h */,
				046926BA243CA149004DD83A /* AmazonPaymentService.m */,
				046926BC243CC9FE004DD83A /* ApplePaymentService.h */,
				046926BD243CC9FE004DD83A /* ApplePaymentService.m */,
			);
			path = Lab10;
			sourceTree = "<group>";
		};
/* End PBXGroup section */

/* Begin PBXNativeTarget section */
		046926A1243C9BBB004DD83A /* Lab10 */ = {
			isa = PBXNativeTarget;
			buildConfigurationList = 046926A9243C9BBB004DD83A /* Build configuration list for PBXNativeTarget "Lab10" */;
			buildPhases = (
				0469269E243C9BBB004DD83A /* Sources */,
				0469269F243C9BBB004DD83A /* Frameworks */,
				046926A0243C9BBB004DD83A /* CopyFiles */,
			);
			buildRules = (
			);
			dependencies = (
			);
			name = Lab10;
			productName = Lab10;
			productReference = 046926A2243C9BBB004DD83A /* Lab10 */;
			productType = "com.apple.product-type.tool";
		};
/* End PBXNativeTarget section */

/* Begin PBXProject section */
		0469269A243C9BBB004DD83A /* Project object */ = {
			isa = PBXProject;
			attributes = {
				LastUpgradeCheck = 1130;
				ORGANIZATIONNAME = Rick;
				TargetAttributes = {
					046926A1243C9BBB004DD83A = {
						CreatedOnToolsVersion = 11.3.1;
					};
				};
			};
			buildConfigurationList = 0469269D243C9BBB004DD83A /* Build configuration list for PBXProject "Lab10" */;
			compatibilityVersion = "Xcode 9.3";
			developmentRegion = en;
			hasScannedForEncodings = 0;
			knownRegions = (
				en,
				Base,
			);
			mainGroup = 04692699243C9BBB004DD83A;
			productRefGroup = 046926A3243C9BBB004DD83A /* Products */;
			projectDirPath = "";
			projectRoot = "";
			targets = (
				046926A1243C9BBB004DD83A /* Lab10 */,
			);
		};
/* End PBXProject section */

/* Begin PBXSourcesBuildPhase section */
		0469269E243C9BBB004DD83A /* Sources */ = {
			isa = PBXSourcesBuildPhase;
			buildActionMask = 2147483647;
			files = (
				046926BB243CA149004DD83A /* AmazonPaymentService.m in Sources */,
				046926B8243CA13A004DD83A /* StripePaymentService.m in Sources */,
				046926B1243C9F9B004DD83A /* PaymentGateway.m in Sources */,
				046926BE243CC9FE004DD83A /* ApplePaymentService.m in Sources */,
				046926A6243C9BBB004DD83A /* main.m in Sources */,
				046926AE243C9C94004DD83A /* InputHandler.m in Sources */,
				046926B5243CA12A004DD83A /* PaypalPaymentService.m in Sources */,
			);
			runOnlyForDeploymentPostprocessing = 0;
		};
/* End PBXSourcesBuildPhase section */

/* Begin XCBuildConfiguration section */
		046926A7243C9BBB004DD83A /* Debug */ = {
			isa = XCBuildConfiguration;
			buildSettings = {
				ALWAYS_SEARCH_USER_PATHS = NO;
				CLANG_ANALYZER_NONNULL = YES;
				CLANG_ANALYZER_NUMBER_OBJECT_CONVERSION = YES_AGGRESSIVE;
				CLANG_CXX_LANGUAGE_STANDARD = "gnu++14";
				CLANG_CXX_LIBRARY = "libc++";
				CLANG_ENABLE_MODULES = YES;
				CLANG_ENABLE_OBJC_ARC = YES;
				CLANG_ENABLE_OBJC_WEAK = YES;
				CLANG_WARN_BLOCK_CAPTURE_AUTORELEASING = YES;
				CLANG_WARN_BOOL_CONVERSION = YES;
				CLANG_WARN_COMMA = YES;
				CLANG_WARN_CONSTANT_CONVERSION = YES;
				CLANG_WARN_DEPRECATED_OBJC_IMPLEMENTATIONS = YES;
				CLANG_WARN_DIRECT_OBJC_ISA_USAGE = YES_ERROR;
				CLANG_WARN_DOCUMENTATION_COMMENTS = YES;
				CLANG_WARN_EMPTY_BODY = YES;
				CLANG_WARN_ENUM_CONVERSION = YES;
				CLANG_WARN_INFINITE_RECURSION = YES;
				CLANG_WARN_INT_CONVERSION = YES;
				CLANG_WARN_NON_LITERAL_NULL_CONVERSION = YES;
				CLANG_WARN_OBJC_IMPLICIT_RETAIN_SELF = YES;
				CLANG_WARN_OBJC_LITERAL_CONVERSION = YES;
				CLANG_WARN_OBJC_ROOT_CLASS = YES_ERROR;
				CLANG_WARN_RANGE_LOOP_ANALYSIS = YES;
				CLANG_WARN_STRICT_PROTOTYPES = YES;
				CLANG_WARN_SUSPICIOUS_MOVE = YES;
				CLANG_WARN_UNGUARDED_AVAILABILITY = YES_AGGRESSIVE;
				CLANG_WARN_UNREACHABLE_CODE = YES;
				CLANG_WARN__DUPLICATE_METHOD_MATCH = YES;
				COPY_PHASE_STRIP = NO;
				DEBUG_INFORMATION_FORMAT = dwarf;
				ENABLE_STRICT_OBJC_MSGSEND = YES;
				ENABLE_TESTABILITY = YES;
				GCC_C_LANGUAGE_STANDARD = gnu11;
				GCC_DYNAMIC_NO_PIC = NO;
				GCC_NO_COMMON_BLOCKS = YES;
				GCC_OPTIMIZATION_LEVEL = 0;
				GCC_PREPROCESSOR_DEFINITIONS = (
					"DEBUG=1",
					"$(inherited)",
				);
				GCC_WARN_64_TO_32_BIT_CONVERSION = YES;
				GCC_WARN_ABOUT_RETURN_TYPE = YES_ERROR;
				GCC_WARN_UNDECLARED_SELECTOR = YES;
				GCC_WARN_UNINITIALIZED_AUTOS = YES_AGGRESSIVE;
				GCC_WARN_UNUSED_FUNCTION = YES;
				GCC_WARN_UNUSED_VARIABLE = YES;
				MACOSX_DEPLOYMENT_TARGET = 10.15;
				MTL_ENABLE_DEBUG_INFO = INCLUDE_SOURCE;
				MTL_FAST_MATH = YES;
				ONLY_ACTIVE_ARCH = YES;
				SDKROOT = macosx;
			};
			name = Debug;
		};
		046926A8243C9BBB004DD83A /* Release */ = {
			isa = XCBuildConfiguration;
			buildSettings = {
				ALWAYS_SEARCH_USER_PATHS = NO;
				CLANG_ANALYZER_NONNULL = YES;
				CLANG_ANALYZER_NUMBER_OBJECT_CONVERSION = YES_AGGRESSIVE;
				CLANG_CXX_LANGUAGE_STANDARD = "gnu++14";
				CLANG_CXX_LIBRARY = "libc++";
				CLANG_ENABLE_MODULES = YES;
				CLANG_ENABLE_OBJC_ARC = YES;
				CLANG_ENABLE_OBJC_WEAK = YES;
				CLANG_WARN_BLOCK_CAPTURE_AUTORELEASING = YES;
				CLANG_WARN_BOOL_CONVERSION = YES;
				CLANG_WARN_COMMA = YES;
				CLANG_WARN_CONSTANT_CONVERSION = YES;
				CLANG_WARN_DEPRECATED_OBJC_IMPLEMENTATIONS = YES;
				CLANG_WARN_DIRECT_OBJC_ISA_USAGE = YES_ERROR;
				CLANG_WARN_DOCUMENTATION_COMMENTS = YES;
				CLANG_WARN_EMPTY_BODY = YES;
				CLANG_WARN_ENUM_CONVERSION = YES;
				CLANG_WARN_INFINITE_RECURSION = YES;
				CLANG_WARN_INT_CONVERSION = YES;
				CLANG_WARN_NON_LITERAL_NULL_CONVERSION = YES;
				CLANG_WARN_OBJC_IMPLICIT_RETAIN_SELF = YES;
				CLANG_WARN_OBJC_LITERAL_CONVERSION = YES;
				CLANG_WARN_OBJC_ROOT_CLASS = YES_ERROR;
				CLANG_WARN_RANGE_LOOP_ANALYSIS = YES;
				CLANG_WARN_STRICT_PROTOTYPES = YES;
				CLANG_WARN_SUSPICIOUS_MOVE = YES;
				CLANG_WARN_UNGUARDED_AVAILABILITY = YES_AGGRESSIVE;
				CLANG_WARN_UNREACHABLE_CODE = YES;
				CLANG_WARN__DUPLICATE_METHOD_MATCH = YES;
				COPY_PHASE_STRIP = NO;
				DEBUG_INFORMATION_FORMAT = "dwarf-with-dsym";
				ENABLE_NS_ASSERTIONS = NO;
				ENABLE_STRICT_OBJC_MSGSEND = YES;
				GCC_C_LANGUAGE_STANDARD = gnu11;
				GCC_NO_COMMON_BLOCKS = YES;
				GCC_WARN_64_TO_32_BIT_CONVERSION = YES;
				GCC_WARN_ABOUT_RETURN_TYPE = YES_ERROR;
				GCC_WARN_UNDECLARED_SELECTOR = YES;
				GCC_WARN_UNINITIALIZED_AUTOS = YES_AGGRESSIVE;
				GCC_WARN_UNUSED_FUNCTION = YES;
				GCC_WARN_UNUSED_VARIABLE = YES;
				MACOSX_DEPLOYMENT_TARGET = 10.15;
				MTL_ENABLE_DEBUG_INFO = NO;
				MTL_FAST_MATH = YES;
				SDKROOT = macosx;
			};
			name = Release;
		};
		046926AA243C9BBB004DD83A /* Debug */ = {
			isa = XCBuildConfiguration;
			buildSettings = {
				CODE_SIGN_STYLE = Automatic;
				PRODUCT_NAME = "$(TARGET_NAME)";
			};
			name = Debug;
		};
		046926AB243C9BBB004DD83A /* Release */ = {
			isa = XCBuildConfiguration;
			buildSettings = {
				CODE_SIGN_STYLE = Automatic;
				PRODUCT_NAME = "$(TARGET_NAME)";
			};
			name = Release;
		};
/* End XCBuildConfiguration section */

/* Begin XCConfigurationList section */
		0469269D243C9BBB004DD83A /* Build configuration list for PBXProject "Lab10" */ = {
			isa = XCConfigurationList;
			buildConfigurations = (
				046926A7243C9BBB004DD83A /* Debug */,
				046926A8243C9BBB004DD83A /* Release */,
			);
			defaultConfigurationIsVisible = 0;
			defaultConfigurationName = Release;
		};
		046926A9243C9BBB004DD83A /* Build configuration list for PBXNativeTarget "Lab10" */ = {
			isa = XCConfigurationList;
			buildConfigurations = (
				046926AA243C9BBB004DD83A /* Debug */,
				046926AB243C9BBB004DD83A /* Release */,
			);
			defaultConfigurationIsVisible = 0;
			defaultConfigurationName = Release;
		};
/* End XCConfigurationList section */
	};
	rootObject = 0469269A243C9BBB004DD83A /* Project object */;
}
